lockfile_version: '1'
generated_at: '2026-09-03T05:58:56.654196+00:00'
apm_version: 0.29.0
dependencies:
- repo_url: elkouhen/systemlens-skill
  name: systemlens
  host: github.com
  resolved_commit: fc8842a1d3004d0174444b78331121415e6f7e27
  version: unknown
  package_type: claude_skill
  deployed_files:
  - .agents/skills/systemlens-skill
  - .agents/skills/systemlens-skill/.gitignore
  - .agents/skills/systemlens-skill/LICENSE
  - .agents/skills/systemlens-skill/PRD.md
  - .agents/skills/systemlens-skill/README.md
  - .agents/skills/systemlens-skill/SKILL.md
  - .agents/skills/systemlens-skill/agents/openai.yaml
  - .agents/skills/systemlens-skill/references/ai-graph.md
  - .agents/skills/systemlens-skill/references/analysis-rules.md
  - .agents/skills/systemlens-skill/references/management.md
  - .agents/skills/systemlens-skill/references/pass-profiles.md
  - .agents/skills/systemlens-skill/references/settings.md
  deployed_file_hashes:
    .agents/skills/systemlens-skill/.gitignore: sha256:1d15bdb66e2d42cd0ecddeb6926d7a97dbf7a82a055067b7b9afc05112ee0437
    .agents/skills/systemlens-skill/LICENSE: sha256:d643af9b80c6741f3d308ea358d678a71c3f3651836a5f73dfe981260956c523
    .agents/skills/systemlens-skill/PRD.md: sha256:1aaece4b4fdaa446910d5c95af7038f27aff3043e86758604e1412e167df3762
    .agents/skills/systemlens-skill/README.md: sha256:0bf862d9f6219cd662a9153622225427db467897b39e92381a3261ec9f6a5fd4
    .agents/skills/systemlens-skill/SKILL.md: sha256:7a331beba467cb0f5aaee2dae0a6b00f0042015c4e46b0adad543df02d1f6ae8
    .agents/skills/systemlens-skill/agents/openai.yaml: sha256:462f0d7097598e1299d305e8a2f1bcd50f34f32497d21f5c695470a367bdc355
    .agents/skills/systemlens-skill/references/ai-graph.md: sha256:8226da4f3fabc88c5b46235af8370b61a753383900391524efe13b89acd6f60d
    .agents/skills/systemlens-skill/references/analysis-rules.md: sha256:4af66d2c1d1a2faffc0553c19c92bfea866d74658ed5f9893fe4e7cbea45bae7
    .agents/skills/systemlens-skill/references/management.md: sha256:3c13b00c27cd9c8d7f232f5d53fe286704e7877a4200e12a9857e126836cdbf0
    .agents/skills/systemlens-skill/references/pass-profiles.md: sha256:f76cf7067f1d3781b9900d8c38c74c019a7022555e644f24e8c76606199893b6
    .agents/skills/systemlens-skill/references/settings.md: sha256:3093c4cda8f33920143c73bd0c73c587a8a8fab746a05d811664941e9b82ecdb
  content_hash: sha256:46ee25307b7e327540d192d803b47824f83964104943c104978531526608f869
- repo_url: github/awesome-copilot
  name: documentation-writer
  host: github.com
  resolved_commit: 17cd9ee68d49eb4547c45831cf3eea08f2c12916
  version: unknown
  virtual_path: skills/documentation-writer
  is_virtual: true
  package_type: claude_skill
  deployed_files:
  - .agents/skills/documentation-writer
  - .agents/skills/documentation-writer/SKILL.md
  deployed_file_hashes:
    .agents/skills/documentation-writer/SKILL.md: sha256:7e8244988c9f4eb63bf8c0edf160578544621eb96e5e51e2d848f1401c5de8f1
  content_hash: sha256:ee53d65b163cd7eb953a930c95841cfe398cc2c0bd24c06508bbaa07c432be35
deployments:
- kind: project-relative
  target: codex
  value: .agents/skills/documentation-writer
  runtime: null
  scope: project
  owners:
  - github/awesome-copilot/skills/documentation-writer
  active_owner: github/awesome-copilot/skills/documentation-writer
  content_hash: null
- kind: project-relative
  target: codex
  value: .agents/skills/documentation-writer/SKILL.md
  runtime: null
  scope: project
  owners:
  - github/awesome-copilot/skills/documentation-writer
  active_owner: github/awesome-copilot/skills/documentation-writer
  content_hash: sha256:7e8244988c9f4eb63bf8c0edf160578544621eb96e5e51e2d848f1401c5de8f1
- kind: project-relative
  target: codex
  value: .agents/skills/systemlens-skill
  runtime: null
  scope: project
  owners:
  - elkouhen/systemlens-skill
  active_owner: elkouhen/systemlens-skill
  content_hash: null
- kind: project-relative
  target: codex
  value: .agents/skills/systemlens-skill/.gitignore
  runtime: null
  scope: project
  owners:
  - elkouhen/systemlens-skill
  active_owner: elkouhen/systemlens-skill
  content_hash: sha256:1d15bdb66e2d42cd0ecddeb6926d7a97dbf7a82a055067b7b9afc05112ee0437
- kind: project-relative
  target: codex
  value: .agents/skills/systemlens-skill/LICENSE
  runtime: null
  scope: project
  owners:
  - elkouhen/systemlens-skill
  active_owner: elkouhen/systemlens-skill
  content_hash: sha256:d643af9b80c6741f3d308ea358d678a71c3f3651836a5f73dfe981260956c523
- kind: project-relative
  target: codex
  value: .agents/skills/systemlens-skill/PRD.md
  runtime: null
  scope: project
  owners:
  - elkouhen/systemlens-skill
  active_owner: elkouhen/systemlens-skill
  content_hash: sha256:1aaece4b4fdaa446910d5c95af7038f27aff3043e86758604e1412e167df3762
- kind: project-relative
  target: codex
  value: .agents/skills/systemlens-skill/README.md
  runtime: null
  scope: project
  owners:
  - elkouhen/systemlens-skill
  active_owner: elkouhen/systemlens-skill
  content_hash: sha256:0bf862d9f6219cd662a9153622225427db467897b39e92381a3261ec9f6a5fd4
- kind: project-relative
  target: codex
  value: .agents/skills/systemlens-skill/SKILL.md
  runtime: null
  scope: project
  owners:
  - elkouhen/systemlens-skill
  active_owner: elkouhen/systemlens-skill
  content_hash: sha256:7a331beba467cb0f5aaee2dae0a6b00f0042015c4e46b0adad543df02d1f6ae8
- kind: project-relative
  target: codex
  value: .agents/skills/systemlens-skill/agents/openai.yaml
  runtime: null
  scope: project
  owners:
  - elkouhen/systemlens-skill
  active_owner: elkouhen/systemlens-skill
  content_hash: sha256:462f0d7097598e1299d305e8a2f1bcd50f34f32497d21f5c695470a367bdc355
- kind: project-relative
  target: codex
  value: .agents/skills/systemlens-skill/references/ai-graph.md
  runtime: null
  scope: project
  owners:
  - elkouhen/systemlens-skill
  active_owner: elkouhen/systemlens-skill
  content_hash: sha256:8226da4f3fabc88c5b46235af8370b61a753383900391524efe13b89acd6f60d
- kind: project-relative
  target: codex
  value: .agents/skills/systemlens-skill/references/analysis-rules.md
  runtime: null
  scope: project
  owners:
  - elkouhen/systemlens-skill
  active_owner: elkouhen/systemlens-skill
  content_hash: sha256:4af66d2c1d1a2faffc0553c19c92bfea866d74658ed5f9893fe4e7cbea45bae7
- kind: project-relative
  target: codex
  value: .agents/skills/systemlens-skill/references/management.md
  runtime: null
  scope: project
  owners:
  - elkouhen/systemlens-skill
  active_owner: elkouhen/systemlens-skill
  content_hash: sha256:3c13b00c27cd9c8d7f232f5d53fe286704e7877a4200e12a9857e126836cdbf0
- kind: project-relative
  target: codex
  value: .agents/skills/systemlens-skill/references/pass-profiles.md
  runtime: null
  scope: project
  owners:
  - elkouhen/systemlens-skill
  active_owner: elkouhen/systemlens-skill
  content_hash: sha256:f76cf7067f1d3781b9900d8c38c74c019a7022555e644f24e8c76606199893b6
- kind: project-relative
  target: codex
  value: .agents/skills/systemlens-skill/references/settings.md
  runtime: null
  scope: project
  owners:
  - elkouhen/systemlens-skill
  active_owner: elkouhen/systemlens-skill
  content_hash: sha256:3093c4cda8f33920143c73bd0c73c587a8a8fab746a05d811664941e9b82ecdb
